{
  "name": "meex",
  "version": "1.0.1",
  "lockfileVersion": 1,
  "requires": true,
  "dependencies": {
    "@babel/plugin-transform-arrow-functions": {
      "version": "7.10.4",
      "resolved": "https://registry.npm.taobao.org/@babel/plugin-transform-arrow-functions/download/@babel/plugin-transform-arrow-functions-7.10.4.tgz?cache=0&sync_timestamp=1593521625553&other_urls=https%3A%2F%2Fregistry.npm.taobao.org%2F%40babel%2Fplugin-transform-arrow-functions%2Fdownload%2F%40babel%2Fplugin-transform-arrow-functions-7.10.4.tgz",
      "dev": true,
      "requires": {
        "@babel/helper-plugin-utils": "^7.10.4"
      },
      "dependencies": {
        "@babel/helper-plugin-utils": {
          "version": "7.10.4",
          "resolved": "https://registry.npm.taobao.org/@babel/helper-plugin-utils/download/@babel/helper-plugin-utils-7.10.4.tgz?cache=0&sync_timestamp=1593521071031&other_urls=https%3A%2F%2Fregistry.npm.taobao.org%2F%40babel%2Fhelper-plugin-utils%2Fdownload%2F%40babel%2Fhelper-plugin-utils-7.10.4.tgz",
          "dev": true
        }
      }
    }
  }
}
